
Microsoft Visual Studio Solution File, Format Version 12.00
# Visual Studio Version 17
VisualStudioVersion = 17.4.33205.214
MinimumVisualStudioVersion = 10.0.40219.1
Project("{FAE04EC0-301F-11D3-BF4B-00C04F79EFBC}") = "HumanManager", "HumanManager\HumanManager.csproj", "{EDAF8AAC-99E6-4D69-97EA-DC65E0126CC2}"
EndProject
Global
	GlobalSection(SolutionConfigurationPlatforms) = preSolution
		Debug|Any CPU = Debug|Any CPU
		Release|Any CPU = Release|Any CPU
	EndGlobalSection
	GlobalSection(ProjectConfigurationPlatforms) = postSolution
		{EDAF8AAC-99E6-4D69-97EA-DC65E0126CC2}.Debug|Any CPU.ActiveCfg = Debug|Any CPU
		{EDAF8AAC-99E6-4D69-97EA-DC65E0126CC2}.Debug|Any CPU.Build.0 = Debug|Any CPU
		{EDAF8AAC-99E6-4D69-97EA-DC65E0126CC2}.Release|Any CPU.ActiveCfg = Release|Any CPU
		{EDAF8AAC-99E6-4D69-97EA-DC65E0126CC2}.Release|Any CPU.Build.0 = Release|Any CPU
	EndGlobalSection
	GlobalSection(SolutionProperties) = preSolution
		HideSolutionNode = FALSE
	EndGlobalSection
	GlobalSection(ExtensibilityGlobals) = postSolution
		SolutionGuid = {B318CB7D-74B1-450E-9E06-F3C89AA310AA}
	EndGlobalSection
EndGlobal
